
Microsoft Visual Studio Solution File, Format Version 12.00
# Visual Studio 15
VisualStudioVersion = 15.0.27130.2010
MinimumVisualStudioVersion = 10.0.40219.1
Project("{FAE04EC0-301F-11D3-BF4B-00C04F79EFBC}") = "theNoteTaker-v1", "theNoteTaker-v1\theNoteTaker-v1.csproj", "{1E1F5903-D181-4828-9F44-964EE798EAF2}"
EndProject
Global
	GlobalSection(SolutionConfigurationPlatforms) = preSolution
		Debug|Any CPU = Debug|Any CPU
		Release|Any CPU = Release|Any CPU
	EndGlobalSection
	GlobalSection(ProjectConfigurationPlatforms) = postSolution
		{1E1F5903-D181-4828-9F44-964EE798EAF2}.Debug|Any CPU.ActiveCfg = Debug|Any CPU
		{1E1F5903-D181-4828-9F44-964EE798EAF2}.Debug|Any CPU.Build.0 = Debug|Any CPU
		{1E1F5903-D181-4828-9F44-964EE798EAF2}.Release|Any CPU.ActiveCfg = Release|Any CPU
		{1E1F5903-D181-4828-9F44-964EE798EAF2}.Release|Any CPU.Build.0 = Release|Any CPU
	EndGlobalSection
	GlobalSection(SolutionProperties) = preSolution
		HideSolutionNode = FALSE
	EndGlobalSection
	GlobalSection(ExtensibilityGlobals) = postSolution
		SolutionGuid = {6C56992A-212B-48A7-AE4B-271C2F9E8F1A}
	EndGlobalSection
EndGlobal
